
Microsoft Visual Studio Solution File, Format Version 11.00
# Visual Studio 2010
Project("{FAE04EC0-301F-11D3-BF4B-00C04F79EFBC}") = "MenumateServices", "MenumateServices\MenumateServices.csproj", "{9F15DF10-CB0C-4A65-AEDC-58D2E85007E4}"
EndProject
Project("{FAE04EC0-301F-11D3-BF4B-00C04F79EFBC}") = "EFTPOSIntegrationConsole", "EFTPOSIntegrationConsole\EFTPOSIntegrationConsole.csproj", "{C8A4F985-9A32-416C-9BE5-A15CA253511E}"
EndProject
Project("{FAE04EC0-301F-11D3-BF4B-00C04F79EFBC}") = "AccountingIntegration", "XeroIntegration\AccountingIntegration.csproj", "{46E2DEBD-F1B9-41D1-BEEA-F1D903302B86}"
EndProject
Project("{FAE04EC0-301F-11D3-BF4B-00C04F79EFBC}") = "XeroIntegrationConsole", "XeroIntegrationConsole\XeroIntegrationConsole.csproj", "{E607FD50-9895-45F7-9B19-F0076692CD43}"
EndProject
Project("{FAE04EC0-301F-11D3-BF4B-00C04F79EFBC}") = "AccountingConfig", "XeroConfig\AccountingConfig.csproj", "{5C55B196-385B-4453-8FBD-A69357C7B9DF}"
EndProject
Project("{FAE04EC0-301F-11D3-BF4B-00C04F79EFBC}") = "WinOSInfo", "WinOSInfo\WinOSInfo.csproj", "{2F0114D1-8E81-40B5-8D14-B8B4856363C1}"
EndProject
Project("{FAE04EC0-301F-11D3-BF4B-00C04F79EFBC}") = "FloorPlanEditor", "FloorPlanEditor\FloorPlanEditor.csproj", "{D4FE0536-0CD6-45B4-9C8A-7F655FD31A3B}"
EndProject
Project("{FAE04EC0-301F-11D3-BF4B-00C04F79EFBC}") = "FloorPlanClient", "FloorPlanClient\FloorPlanClient.csproj", "{E89396AE-E742-4293-8A3B-FCDBB4107C35}"
EndProject
Project("{FAE04EC0-301F-11D3-BF4B-00C04F79EFBC}") = "MenumateUtils", "MenumateUtils\MenumateUtils.csproj", "{37B0F64A-677E-4AD0-8C04-252BF7A5D3AE}"
EndProject
Project("{2150E333-8FDC-42A3-9474-1A3956D46DE8}") = "Solution Items", "Solution Items", "{8CB00C7D-C995-4F53-89E0-94F685538D7B}"
	ProjectSection(SolutionItems) = preProject
		Local.testsettings = Local.testsettings
		ServicesApp.vsmdi = ServicesApp.vsmdi
		TraceAndTestImpact.testsettings = TraceAndTestImpact.testsettings
	EndProjectSection
EndProject
Project("{FAE04EC0-301F-11D3-BF4B-00C04F79EFBC}") = "MenumateServices Config", "MenumateServices Config\MenumateServices Config.csproj", "{F06D07DB-6BAA-4151-BE43-5726FCFFDF9C}"
EndProject
Project("{FAE04EC0-301F-11D3-BF4B-00C04F79EFBC}") = "Menumate Services Utilities", "MenumateServices Utilities\Menumate Services Utilities.csproj", "{41206D29-D830-4F9E-B831-BBF6133EB532}"
EndProject
Project("{FAE04EC0-301F-11D3-BF4B-00C04F79EFBC}") = "SalesForceCommunication", "SalesForceCommunication\SalesForceCommunication.csproj", "{FD3662F2-D048-4ECA-86C6-A44611DE5B4B}"
EndProject
Project("{FAE04EC0-301F-11D3-BF4B-00C04F79EFBC}") = "PocketVoucherIntegration", "PocketVoucherIntegration\PocketVoucherIntegration.csproj", "{FDC94DD6-180E-4E83-9D28-091BDDFC13DE}"
EndProject
Project("{FAE04EC0-301F-11D3-BF4B-00C04F79EFBC}") = "Loyaltymate", "Loyaltymate\Loyaltymate.csproj", "{5926EAF0-F930-4522-8EDE-E27F76E109C7}"
EndProject
Project("{FAE04EC0-301F-11D3-BF4B-00C04F79EFBC}") = "SiHotIntegration", "SiHotIntegration\SiHotIntegration.csproj", "{BE08BEA6-3A39-43C9-9E2A-94C2D89734C4}"
EndProject
Project("{FAE04EC0-301F-11D3-BF4B-00C04F79EFBC}") = "WalletPaymets", "WalletPaymets\WalletPaymets.csproj", "{843E831F-1B70-4238-AA55-96492F53AAE5}"
EndProject
Project("{FAE04EC0-301F-11D3-BF4B-00C04F79EFBC}") = "SmartConnectIntegration", "SmartConnectIntegration\SmartConnectIntegration.csproj", "{AA9378DD-4610-4B61-B3BC-0A0A8AE7651F}"
EndProject
Project("{FAE04EC0-301F-11D3-BF4B-00C04F79EFBC}") = "AdyenIntegration", "AdyenIntegration\AdyenIntegration.csproj", "{71986902-F877-4F9E-A692-15D2FC3DC65E}"
EndProject
Project("{FAE04EC0-301F-11D3-BF4B-00C04F79EFBC}") = "PaymentSenseIntegration", "PaymentSenseIntegration\PaymentSenseIntegration.csproj", "{A623C2CE-7E9A-4A72-81DA-7DB377333670}"
EndProject
Project("{FAE04EC0-301F-11D3-BF4B-00C04F79EFBC}") = "MewsIntegration", "MewsIntegration\MewsIntegration.csproj", "{73B59AAC-6830-49D9-86BD-6E9DB74AE8E7}"
EndProject
Global
	GlobalSection(TestCaseManagementSettings) = postSolution
		CategoryFile = ServicesApp.vsmdi
	EndGlobalSection
	GlobalSection(SolutionConfigurationPlatforms) = preSolution
		Debug|Any CPU = Debug|Any CPU
		Debug|Mixed Platforms = Debug|Mixed Platforms
		Debug|x64 = Debug|x64
		Debug|x86 = Debug|x86
		Release|Any CPU = Release|Any CPU
		Release|Mixed Platforms = Release|Mixed Platforms
		Release|x64 = Release|x64
		Release|x86 = Release|x86
	EndGlobalSection
	GlobalSection(ProjectConfigurationPlatforms) = postSolution
		{9F15DF10-CB0C-4A65-AEDC-58D2E85007E4}.Debug|Any CPU.ActiveCfg = Debug|Any CPU
		{9F15DF10-CB0C-4A65-AEDC-58D2E85007E4}.Debug|Any CPU.Build.0 = Debug|Any CPU
		{9F15DF10-CB0C-4A65-AEDC-58D2E85007E4}.Debug|Mixed Platforms.ActiveCfg = Debug|x86
		{9F15DF10-CB0C-4A65-AEDC-58D2E85007E4}.Debug|Mixed Platforms.Build.0 = Debug|x86
		{9F15DF10-CB0C-4A65-AEDC-58D2E85007E4}.Debug|x64.ActiveCfg = Debug|x64
		{9F15DF10-CB0C-4A65-AEDC-58D2E85007E4}.Debug|x64.Build.0 = Debug|x64
		{9F15DF10-CB0C-4A65-AEDC-58D2E85007E4}.Debug|x86.ActiveCfg = Release|x86
		{9F15DF10-CB0C-4A65-AEDC-58D2E85007E4}.Debug|x86.Build.0 = Release|x86
		{9F15DF10-CB0C-4A65-AEDC-58D2E85007E4}.Release|Any CPU.ActiveCfg = Release|x64
		{9F15DF10-CB0C-4A65-AEDC-58D2E85007E4}.Release|Any CPU.Build.0 = Release|x64
		{9F15DF10-CB0C-4A65-AEDC-58D2E85007E4}.Release|Mixed Platforms.ActiveCfg = Release|x86
		{9F15DF10-CB0C-4A65-AEDC-58D2E85007E4}.Release|Mixed Platforms.Build.0 = Release|x86
		{9F15DF10-CB0C-4A65-AEDC-58D2E85007E4}.Release|x64.ActiveCfg = Release|x64
		{9F15DF10-CB0C-4A65-AEDC-58D2E85007E4}.Release|x64.Build.0 = Release|x64
		{9F15DF10-CB0C-4A65-AEDC-58D2E85007E4}.Release|x86.ActiveCfg = Release|x86
		{9F15DF10-CB0C-4A65-AEDC-58D2E85007E4}.Release|x86.Build.0 = Release|x86
		{C8A4F985-9A32-416C-9BE5-A15CA253511E}.Debug|Any CPU.ActiveCfg = Debug|Any CPU
		{C8A4F985-9A32-416C-9BE5-A15CA253511E}.Debug|Mixed Platforms.ActiveCfg = Release|x86
		{C8A4F985-9A32-416C-9BE5-A15CA253511E}.Debug|x64.ActiveCfg = Debug|x64
		{C8A4F985-9A32-416C-9BE5-A15CA253511E}.Debug|x86.ActiveCfg = Release|x86
		{C8A4F985-9A32-416C-9BE5-A15CA253511E}.Release|Any CPU.ActiveCfg = Release|Any CPU
		{C8A4F985-9A32-416C-9BE5-A15CA253511E}.Release|Mixed Platforms.ActiveCfg = Release|x86
		{C8A4F985-9A32-416C-9BE5-A15CA253511E}.Release|x64.ActiveCfg = Release|x64
		{C8A4F985-9A32-416C-9BE5-A15CA253511E}.Release|x86.ActiveCfg = Release|x86
		{46E2DEBD-F1B9-41D1-BEEA-F1D903302B86}.Debug|Any CPU.ActiveCfg = Debug|Any CPU
		{46E2DEBD-F1B9-41D1-BEEA-F1D903302B86}.Debug|Any CPU.Build.0 = Debug|Any CPU
		{46E2DEBD-F1B9-41D1-BEEA-F1D903302B86}.Debug|Mixed Platforms.ActiveCfg = Debug|x86
		{46E2DEBD-F1B9-41D1-BEEA-F1D903302B86}.Debug|Mixed Platforms.Build.0 = Debug|x86
		{46E2DEBD-F1B9-41D1-BEEA-F1D903302B86}.Debug|x64.ActiveCfg = Debug|x64
		{46E2DEBD-F1B9-41D1-BEEA-F1D903302B86}.Debug|x64.Build.0 = Debug|x64
		{46E2DEBD-F1B9-41D1-BEEA-F1D903302B86}.Debug|x86.ActiveCfg = Release|x86
		{46E2DEBD-F1B9-41D1-BEEA-F1D903302B86}.Debug|x86.Build.0 = Release|x86
		{46E2DEBD-F1B9-41D1-BEEA-F1D903302B86}.Release|Any CPU.ActiveCfg = Release|x64
		{46E2DEBD-F1B9-41D1-BEEA-F1D903302B86}.Release|Any CPU.Build.0 = Release|x64
		{46E2DEBD-F1B9-41D1-BEEA-F1D903302B86}.Release|Mixed Platforms.ActiveCfg = Release|x86
		{46E2DEBD-F1B9-41D1-BEEA-F1D903302B86}.Release|Mixed Platforms.Build.0 = Release|x86
		{46E2DEBD-F1B9-41D1-BEEA-F1D903302B86}.Release|x64.ActiveCfg = Release|x64
		{46E2DEBD-F1B9-41D1-BEEA-F1D903302B86}.Release|x64.Build.0 = Release|x64
		{46E2DEBD-F1B9-41D1-BEEA-F1D903302B86}.Release|x86.ActiveCfg = Release|x86
		{46E2DEBD-F1B9-41D1-BEEA-F1D903302B86}.Release|x86.Build.0 = Release|x86
		{E607FD50-9895-45F7-9B19-F0076692CD43}.Debug|Any CPU.ActiveCfg = Debug|Any CPU
		{E607FD50-9895-45F7-9B19-F0076692CD43}.Debug|Mixed Platforms.ActiveCfg = Debug|x86
		{E607FD50-9895-45F7-9B19-F0076692CD43}.Debug|x64.ActiveCfg = Debug|x64
		{E607FD50-9895-45F7-9B19-F0076692CD43}.Debug|x86.ActiveCfg = Release|x86
		{E607FD50-9895-45F7-9B19-F0076692CD43}.Release|Any CPU.ActiveCfg = Release|Any CPU
		{E607FD50-9895-45F7-9B19-F0076692CD43}.Release|Mixed Platforms.ActiveCfg = Release|x86
		{E607FD50-9895-45F7-9B19-F0076692CD43}.Release|x64.ActiveCfg = Release|x64
		{E607FD50-9895-45F7-9B19-F0076692CD43}.Release|x86.ActiveCfg = Release|x86
		{5C55B196-385B-4453-8FBD-A69357C7B9DF}.Debug|Any CPU.ActiveCfg = Debug|Any CPU
		{5C55B196-385B-4453-8FBD-A69357C7B9DF}.Debug|Any CPU.Build.0 = Debug|Any CPU
		{5C55B196-385B-4453-8FBD-A69357C7B9DF}.Debug|Mixed Platforms.ActiveCfg = Release|x86
		{5C55B196-385B-4453-8FBD-A69357C7B9DF}.Debug|Mixed Platforms.Build.0 = Release|x86
		{5C55B196-385B-4453-8FBD-A69357C7B9DF}.Debug|x64.ActiveCfg = Debug|x64
		{5C55B196-385B-4453-8FBD-A69357C7B9DF}.Debug|x64.Build.0 = Debug|x64
		{5C55B196-385B-4453-8FBD-A69357C7B9DF}.Debug|x86.ActiveCfg = Release|x86
		{5C55B196-385B-4453-8FBD-A69357C7B9DF}.Debug|x86.Build.0 = Release|x86
		{5C55B196-385B-4453-8FBD-A69357C7B9DF}.Release|Any CPU.ActiveCfg = Release|x64
		{5C55B196-385B-4453-8FBD-A69357C7B9DF}.Release|Any CPU.Build.0 = Release|x64
		{5C55B196-385B-4453-8FBD-A69357C7B9DF}.Release|Mixed Platforms.ActiveCfg = Release|x86
		{5C55B196-385B-4453-8FBD-A69357C7B9DF}.Release|Mixed Platforms.Build.0 = Release|x86
		{5C55B196-385B-4453-8FBD-A69357C7B9DF}.Release|x64.ActiveCfg = Release|x64
		{5C55B196-385B-4453-8FBD-A69357C7B9DF}.Release|x64.Build.0 = Release|x64
		{5C55B196-385B-4453-8FBD-A69357C7B9DF}.Release|x86.ActiveCfg = Release|x86
		{5C55B196-385B-4453-8FBD-A69357C7B9DF}.Release|x86.Build.0 = Release|x86
		{2F0114D1-8E81-40B5-8D14-B8B4856363C1}.Debug|Any CPU.ActiveCfg = Debug|Any CPU
		{2F0114D1-8E81-40B5-8D14-B8B4856363C1}.Debug|Any CPU.Build.0 = Debug|Any CPU
		{2F0114D1-8E81-40B5-8D14-B8B4856363C1}.Debug|Mixed Platforms.ActiveCfg = Release|x86
		{2F0114D1-8E81-40B5-8D14-B8B4856363C1}.Debug|Mixed Platforms.Build.0 = Release|x86
		{2F0114D1-8E81-40B5-8D14-B8B4856363C1}.Debug|x64.ActiveCfg = Debug|x64
		{2F0114D1-8E81-40B5-8D14-B8B4856363C1}.Debug|x64.Build.0 = Debug|x64
		{2F0114D1-8E81-40B5-8D14-B8B4856363C1}.Debug|x86.ActiveCfg = Release|x86
		{2F0114D1-8E81-40B5-8D14-B8B4856363C1}.Debug|x86.Build.0 = Release|x86
		{2F0114D1-8E81-40B5-8D14-B8B4856363C1}.Release|Any CPU.ActiveCfg = Release|x64
		{2F0114D1-8E81-40B5-8D14-B8B4856363C1}.Release|Any CPU.Build.0 = Release|x64
		{2F0114D1-8E81-40B5-8D14-B8B4856363C1}.Release|Mixed Platforms.ActiveCfg = Release|x86
		{2F0114D1-8E81-40B5-8D14-B8B4856363C1}.Release|Mixed Platforms.Build.0 = Release|x86
		{2F0114D1-8E81-40B5-8D14-B8B4856363C1}.Release|x64.ActiveCfg = Release|x64
		{2F0114D1-8E81-40B5-8D14-B8B4856363C1}.Release|x64.Build.0 = Release|x64
		{2F0114D1-8E81-40B5-8D14-B8B4856363C1}.Release|x86.ActiveCfg = Release|x86
		{2F0114D1-8E81-40B5-8D14-B8B4856363C1}.Release|x86.Build.0 = Release|x86
		{D4FE0536-0CD6-45B4-9C8A-7F655FD31A3B}.Debug|Any CPU.ActiveCfg = Debug|x86
		{D4FE0536-0CD6-45B4-9C8A-7F655FD31A3B}.Debug|Mixed Platforms.ActiveCfg = Debug|x86
		{D4FE0536-0CD6-45B4-9C8A-7F655FD31A3B}.Debug|Mixed Platforms.Build.0 = Debug|x86
		{D4FE0536-0CD6-45B4-9C8A-7F655FD31A3B}.Debug|x64.ActiveCfg = Debug|x86
		{D4FE0536-0CD6-45B4-9C8A-7F655FD31A3B}.Debug|x86.ActiveCfg = Debug|x86
		{D4FE0536-0CD6-45B4-9C8A-7F655FD31A3B}.Debug|x86.Build.0 = Debug|x86
		{D4FE0536-0CD6-45B4-9C8A-7F655FD31A3B}.Release|Any CPU.ActiveCfg = Release|x86
		{D4FE0536-0CD6-45B4-9C8A-7F655FD31A3B}.Release|Mixed Platforms.ActiveCfg = Release|x86
		{D4FE0536-0CD6-45B4-9C8A-7F655FD31A3B}.Release|Mixed Platforms.Build.0 = Release|x86
		{D4FE0536-0CD6-45B4-9C8A-7F655FD31A3B}.Release|x64.ActiveCfg = Release|x86
		{D4FE0536-0CD6-45B4-9C8A-7F655FD31A3B}.Release|x86.ActiveCfg = Release|x86
		{D4FE0536-0CD6-45B4-9C8A-7F655FD31A3B}.Release|x86.Build.0 = Release|x86
		{E89396AE-E742-4293-8A3B-FCDBB4107C35}.Debug|Any CPU.ActiveCfg = Debug|Any CPU
		{E89396AE-E742-4293-8A3B-FCDBB4107C35}.Debug|Any CPU.Build.0 = Debug|Any CPU
		{E89396AE-E742-4293-8A3B-FCDBB4107C35}.Debug|Mixed Platforms.ActiveCfg = Debug|Any CPU
		{E89396AE-E742-4293-8A3B-FCDBB4107C35}.Debug|Mixed Platforms.Build.0 = Debug|Any CPU
		{E89396AE-E742-4293-8A3B-FCDBB4107C35}.Debug|x64.ActiveCfg = Debug|Any CPU
		{E89396AE-E742-4293-8A3B-FCDBB4107C35}.Debug|x86.ActiveCfg = Debug|Any CPU
		{E89396AE-E742-4293-8A3B-FCDBB4107C35}.Release|Any CPU.ActiveCfg = Release|Any CPU
		{E89396AE-E742-4293-8A3B-FCDBB4107C35}.Release|Any CPU.Build.0 = Release|Any CPU
		{E89396AE-E742-4293-8A3B-FCDBB4107C35}.Release|Mixed Platforms.ActiveCfg = Release|Any CPU
		{E89396AE-E742-4293-8A3B-FCDBB4107C35}.Release|Mixed Platforms.Build.0 = Release|Any CPU
		{E89396AE-E742-4293-8A3B-FCDBB4107C35}.Release|x64.ActiveCfg = Release|Any CPU
		{E89396AE-E742-4293-8A3B-FCDBB4107C35}.Release|x86.ActiveCfg = Release|Any CPU
		{37B0F64A-677E-4AD0-8C04-252BF7A5D3AE}.Debug|Any CPU.ActiveCfg = Debug|Any CPU
		{37B0F64A-677E-4AD0-8C04-252BF7A5D3AE}.Debug|Any CPU.Build.0 = Debug|Any CPU
		{37B0F64A-677E-4AD0-8C04-252BF7A5D3AE}.Debug|Mixed Platforms.ActiveCfg = Debug|Any CPU
		{37B0F64A-677E-4AD0-8C04-252BF7A5D3AE}.Debug|Mixed Platforms.Build.0 = Debug|Any CPU
		{37B0F64A-677E-4AD0-8C04-252BF7A5D3AE}.Debug|x64.ActiveCfg = Debug|Any CPU
		{37B0F64A-677E-4AD0-8C04-252BF7A5D3AE}.Debug|x86.ActiveCfg = Debug|Any CPU
		{37B0F64A-677E-4AD0-8C04-252BF7A5D3AE}.Release|Any CPU.ActiveCfg = Release|Any CPU
		{37B0F64A-677E-4AD0-8C04-252BF7A5D3AE}.Release|Any CPU.Build.0 = Release|Any CPU
		{37B0F64A-677E-4AD0-8C04-252BF7A5D3AE}.Release|Mixed Platforms.ActiveCfg = Release|Any CPU
		{37B0F64A-677E-4AD0-8C04-252BF7A5D3AE}.Release|Mixed Platforms.Build.0 = Release|Any CPU
		{37B0F64A-677E-4AD0-8C04-252BF7A5D3AE}.Release|x64.ActiveCfg = Release|Any CPU
		{37B0F64A-677E-4AD0-8C04-252BF7A5D3AE}.Release|x86.ActiveCfg = Release|Any CPU
		{F06D07DB-6BAA-4151-BE43-5726FCFFDF9C}.Debug|Any CPU.ActiveCfg = Debug|x86
		{F06D07DB-6BAA-4151-BE43-5726FCFFDF9C}.Debug|Mixed Platforms.ActiveCfg = Debug|x86
		{F06D07DB-6BAA-4151-BE43-5726FCFFDF9C}.Debug|Mixed Platforms.Build.0 = Debug|x86
		{F06D07DB-6BAA-4151-BE43-5726FCFFDF9C}.Debug|x64.ActiveCfg = Debug|x86
		{F06D07DB-6BAA-4151-BE43-5726FCFFDF9C}.Debug|x86.ActiveCfg = Debug|x86
		{F06D07DB-6BAA-4151-BE43-5726FCFFDF9C}.Debug|x86.Build.0 = Debug|x86
		{F06D07DB-6BAA-4151-BE43-5726FCFFDF9C}.Release|Any CPU.ActiveCfg = Release|x86
		{F06D07DB-6BAA-4151-BE43-5726FCFFDF9C}.Release|Mixed Platforms.ActiveCfg = Release|x86
		{F06D07DB-6BAA-4151-BE43-5726FCFFDF9C}.Release|Mixed Platforms.Build.0 = Release|x86
		{F06D07DB-6BAA-4151-BE43-5726FCFFDF9C}.Release|x64.ActiveCfg = Release|x86
		{F06D07DB-6BAA-4151-BE43-5726FCFFDF9C}.Release|x86.ActiveCfg = Release|x86
		{F06D07DB-6BAA-4151-BE43-5726FCFFDF9C}.Release|x86.Build.0 = Release|x86
		{41206D29-D830-4F9E-B831-BBF6133EB532}.Debug|Any CPU.ActiveCfg = Debug|Any CPU
		{41206D29-D830-4F9E-B831-BBF6133EB532}.Debug|Any CPU.Build.0 = Debug|Any CPU
		{41206D29-D830-4F9E-B831-BBF6133EB532}.Debug|Mixed Platforms.ActiveCfg = Debug|Any CPU
		{41206D29-D830-4F9E-B831-BBF6133EB532}.Debug|Mixed Platforms.Build.0 = Debug|Any CPU
		{41206D29-D830-4F9E-B831-BBF6133EB532}.Debug|x64.ActiveCfg = Debug|Any CPU
		{41206D29-D830-4F9E-B831-BBF6133EB532}.Debug|x86.ActiveCfg = Debug|Any CPU
		{41206D29-D830-4F9E-B831-BBF6133EB532}.Release|Any CPU.ActiveCfg = Release|Any CPU
		{41206D29-D830-4F9E-B831-BBF6133EB532}.Release|Any CPU.Build.0 = Release|Any CPU
		{41206D29-D830-4F9E-B831-BBF6133EB532}.Release|Mixed Platforms.ActiveCfg = Release|Any CPU
		{41206D29-D830-4F9E-B831-BBF6133EB532}.Release|Mixed Platforms.Build.0 = Release|Any CPU
		{41206D29-D830-4F9E-B831-BBF6133EB532}.Release|x64.ActiveCfg = Release|Any CPU
		{41206D29-D830-4F9E-B831-BBF6133EB532}.Release|x86.ActiveCfg = Release|Any CPU
		{FD3662F2-D048-4ECA-86C6-A44611DE5B4B}.Debug|Any CPU.ActiveCfg = Debug|Any CPU
		{FD3662F2-D048-4ECA-86C6-A44611DE5B4B}.Debug|Any CPU.Build.0 = Debug|Any CPU
		{FD3662F2-D048-4ECA-86C6-A44611DE5B4B}.Debug|Mixed Platforms.ActiveCfg = Debug|Any CPU
		{FD3662F2-D048-4ECA-86C6-A44611DE5B4B}.Debug|Mixed Platforms.Build.0 = Debug|Any CPU
		{FD3662F2-D048-4ECA-86C6-A44611DE5B4B}.Debug|x64.ActiveCfg = Debug|Any CPU
		{FD3662F2-D048-4ECA-86C6-A44611DE5B4B}.Debug|x86.ActiveCfg = Debug|Any CPU
		{FD3662F2-D048-4ECA-86C6-A44611DE5B4B}.Release|Any CPU.ActiveCfg = Release|Any CPU
		{FD3662F2-D048-4ECA-86C6-A44611DE5B4B}.Release|Any CPU.Build.0 = Release|Any CPU
		{FD3662F2-D048-4ECA-86C6-A44611DE5B4B}.Release|Mixed Platforms.ActiveCfg = Release|Any CPU
		{FD3662F2-D048-4ECA-86C6-A44611DE5B4B}.Release|Mixed Platforms.Build.0 = Release|Any CPU
		{FD3662F2-D048-4ECA-86C6-A44611DE5B4B}.Release|x64.ActiveCfg = Release|Any CPU
		{FD3662F2-D048-4ECA-86C6-A44611DE5B4B}.Release|x86.ActiveCfg = Release|Any CPU
		{FDC94DD6-180E-4E83-9D28-091BDDFC13DE}.Debug|Any CPU.ActiveCfg = Debug|Any CPU
		{FDC94DD6-180E-4E83-9D28-091BDDFC13DE}.Debug|Any CPU.Build.0 = Debug|Any CPU
		{FDC94DD6-180E-4E83-9D28-091BDDFC13DE}.Debug|Mixed Platforms.ActiveCfg = Debug|Any CPU
		{FDC94DD6-180E-4E83-9D28-091BDDFC13DE}.Debug|Mixed Platforms.Build.0 = Debug|Any CPU
		{FDC94DD6-180E-4E83-9D28-091BDDFC13DE}.Debug|x64.ActiveCfg = Debug|Any CPU
		{FDC94DD6-180E-4E83-9D28-091BDDFC13DE}.Debug|x86.ActiveCfg = Debug|Any CPU
		{FDC94DD6-180E-4E83-9D28-091BDDFC13DE}.Release|Any CPU.ActiveCfg = Release|Any CPU
		{FDC94DD6-180E-4E83-9D28-091BDDFC13DE}.Release|Any CPU.Build.0 = Release|Any CPU
		{FDC94DD6-180E-4E83-9D28-091BDDFC13DE}.Release|Mixed Platforms.ActiveCfg = Release|Any CPU
		{FDC94DD6-180E-4E83-9D28-091BDDFC13DE}.Release|Mixed Platforms.Build.0 = Release|Any CPU
		{FDC94DD6-180E-4E83-9D28-091BDDFC13DE}.Release|x64.ActiveCfg = Release|Any CPU
		{FDC94DD6-180E-4E83-9D28-091BDDFC13DE}.Release|x86.ActiveCfg = Release|Any CPU
		{5926EAF0-F930-4522-8EDE-E27F76E109C7}.Debug|Any CPU.ActiveCfg = Debug|Any CPU
		{5926EAF0-F930-4522-8EDE-E27F76E109C7}.Debug|Any CPU.Build.0 = Debug|Any CPU
		{5926EAF0-F930-4522-8EDE-E27F76E109C7}.Debug|Mixed Platforms.ActiveCfg = Debug|Any CPU
		{5926EAF0-F930-4522-8EDE-E27F76E109C7}.Debug|Mixed Platforms.Build.0 = Debug|Any CPU
		{5926EAF0-F930-4522-8EDE-E27F76E109C7}.Debug|x64.ActiveCfg = Debug|Any CPU
		{5926EAF0-F930-4522-8EDE-E27F76E109C7}.Debug|x86.ActiveCfg = Debug|Any CPU
		{5926EAF0-F930-4522-8EDE-E27F76E109C7}.Release|Any CPU.ActiveCfg = Release|Any CPU
		{5926EAF0-F930-4522-8EDE-E27F76E109C7}.Release|Any CPU.Build.0 = Release|Any CPU
		{5926EAF0-F930-4522-8EDE-E27F76E109C7}.Release|Mixed Platforms.ActiveCfg = Release|Any CPU
		{5926EAF0-F930-4522-8EDE-E27F76E109C7}.Release|Mixed Platforms.Build.0 = Release|Any CPU
		{5926EAF0-F930-4522-8EDE-E27F76E109C7}.Release|x64.ActiveCfg = Release|Any CPU
		{5926EAF0-F930-4522-8EDE-E27F76E109C7}.Release|x86.ActiveCfg = Release|Any CPU
		{BE08BEA6-3A39-43C9-9E2A-94C2D89734C4}.Debug|Any CPU.ActiveCfg = Debug|Any CPU
		{BE08BEA6-3A39-43C9-9E2A-94C2D89734C4}.Debug|Any CPU.Build.0 = Debug|Any CPU
		{BE08BEA6-3A39-43C9-9E2A-94C2D89734C4}.Debug|Mixed Platforms.ActiveCfg = Debug|Any CPU
		{BE08BEA6-3A39-43C9-9E2A-94C2D89734C4}.Debug|Mixed Platforms.Build.0 = Debug|Any CPU
		{BE08BEA6-3A39-43C9-9E2A-94C2D89734C4}.Debug|x64.ActiveCfg = Debug|Any CPU
		{BE08BEA6-3A39-43C9-9E2A-94C2D89734C4}.Debug|x86.ActiveCfg = Debug|Any CPU
		{BE08BEA6-3A39-43C9-9E2A-94C2D89734C4}.Release|Any CPU.ActiveCfg = Release|Any CPU
		{BE08BEA6-3A39-43C9-9E2A-94C2D89734C4}.Release|Any CPU.Build.0 = Release|Any CPU
		{BE08BEA6-3A39-43C9-9E2A-94C2D89734C4}.Release|Mixed Platforms.ActiveCfg = Release|Any CPU
		{BE08BEA6-3A39-43C9-9E2A-94C2D89734C4}.Release|Mixed Platforms.Build.0 = Release|Any CPU
		{BE08BEA6-3A39-43C9-9E2A-94C2D89734C4}.Release|x64.ActiveCfg = Release|Any CPU
		{BE08BEA6-3A39-43C9-9E2A-94C2D89734C4}.Release|x86.ActiveCfg = Release|Any CPU
		{843E831F-1B70-4238-AA55-96492F53AAE5}.Debug|Any CPU.ActiveCfg = Debug|Any CPU
		{843E831F-1B70-4238-AA55-96492F53AAE5}.Debug|Any CPU.Build.0 = Debug|Any CPU
		{843E831F-1B70-4238-AA55-96492F53AAE5}.Debug|Mixed Platforms.ActiveCfg = Debug|Any CPU
		{843E831F-1B70-4238-AA55-96492F53AAE5}.Debug|Mixed Platforms.Build.0 = Debug|Any CPU
		{843E831F-1B70-4238-AA55-96492F53AAE5}.Debug|x64.ActiveCfg = Debug|Any CPU
		{843E831F-1B70-4238-AA55-96492F53AAE5}.Debug|x86.ActiveCfg = Debug|Any CPU
		{843E831F-1B70-4238-AA55-96492F53AAE5}.Release|Any CPU.ActiveCfg = Release|Any CPU
		{843E831F-1B70-4238-AA55-96492F53AAE5}.Release|Any CPU.Build.0 = Release|Any CPU
		{843E831F-1B70-4238-AA55-96492F53AAE5}.Release|Mixed Platforms.ActiveCfg = Release|Any CPU
		{843E831F-1B70-4238-AA55-96492F53AAE5}.Release|Mixed Platforms.Build.0 = Release|Any CPU
		{843E831F-1B70-4238-AA55-96492F53AAE5}.Release|x64.ActiveCfg = Release|Any CPU
		{843E831F-1B70-4238-AA55-96492F53AAE5}.Release|x86.ActiveCfg = Release|Any CPU
		{AA9378DD-4610-4B61-B3BC-0A0A8AE7651F}.Debug|Any CPU.ActiveCfg = Debug|Any CPU
		{AA9378DD-4610-4B61-B3BC-0A0A8AE7651F}.Debug|Any CPU.Build.0 = Debug|Any CPU
		{AA9378DD-4610-4B61-B3BC-0A0A8AE7651F}.Debug|Mixed Platforms.ActiveCfg = Debug|Any CPU
		{AA9378DD-4610-4B61-B3BC-0A0A8AE7651F}.Debug|Mixed Platforms.Build.0 = Debug|Any CPU
		{AA9378DD-4610-4B61-B3BC-0A0A8AE7651F}.Debug|x64.ActiveCfg = Debug|Any CPU
		{AA9378DD-4610-4B61-B3BC-0A0A8AE7651F}.Debug|x86.ActiveCfg = Debug|Any CPU
		{AA9378DD-4610-4B61-B3BC-0A0A8AE7651F}.Release|Any CPU.ActiveCfg = Release|Any CPU
		{AA9378DD-4610-4B61-B3BC-0A0A8AE7651F}.Release|Any CPU.Build.0 = Release|Any CPU
		{AA9378DD-4610-4B61-B3BC-0A0A8AE7651F}.Release|Mixed Platforms.ActiveCfg = Release|Any CPU
		{AA9378DD-4610-4B61-B3BC-0A0A8AE7651F}.Release|Mixed Platforms.Build.0 = Release|Any CPU
		{AA9378DD-4610-4B61-B3BC-0A0A8AE7651F}.Release|x64.ActiveCfg = Release|Any CPU
		{AA9378DD-4610-4B61-B3BC-0A0A8AE7651F}.Release|x86.ActiveCfg = Release|Any CPU
		{71986902-F877-4F9E-A692-15D2FC3DC65E}.Debug|Any CPU.ActiveCfg = Debug|Any CPU
		{71986902-F877-4F9E-A692-15D2FC3DC65E}.Debug|Any CPU.Build.0 = Debug|Any CPU
		{71986902-F877-4F9E-A692-15D2FC3DC65E}.Debug|Mixed Platforms.ActiveCfg = Debug|Any CPU
		{71986902-F877-4F9E-A692-15D2FC3DC65E}.Debug|Mixed Platforms.Build.0 = Debug|Any CPU
		{71986902-F877-4F9E-A692-15D2FC3DC65E}.Debug|x64.ActiveCfg = Debug|Any CPU
		{71986902-F877-4F9E-A692-15D2FC3DC65E}.Debug|x86.ActiveCfg = Debug|Any CPU
		{71986902-F877-4F9E-A692-15D2FC3DC65E}.Release|Any CPU.ActiveCfg = Release|Any CPU
		{71986902-F877-4F9E-A692-15D2FC3DC65E}.Release|Any CPU.Build.0 = Release|Any CPU
		{71986902-F877-4F9E-A692-15D2FC3DC65E}.Release|Mixed Platforms.ActiveCfg = Release|Any CPU
		{71986902-F877-4F9E-A692-15D2FC3DC65E}.Release|Mixed Platforms.Build.0 = Release|Any CPU
		{71986902-F877-4F9E-A692-15D2FC3DC65E}.Release|x64.ActiveCfg = Release|Any CPU
		{71986902-F877-4F9E-A692-15D2FC3DC65E}.Release|x86.ActiveCfg = Release|Any CPU
		{A623C2CE-7E9A-4A72-81DA-7DB377333670}.Debug|Any CPU.ActiveCfg = Debug|Any CPU
		{A623C2CE-7E9A-4A72-81DA-7DB377333670}.Debug|Mixed Platforms.ActiveCfg = Debug|Any CPU
		{A623C2CE-7E9A-4A72-81DA-7DB377333670}.Debug|Mixed Platforms.Build.0 = Debug|Any CPU
		{A623C2CE-7E9A-4A72-81DA-7DB377333670}.Debug|x64.ActiveCfg = Debug|Any CPU
		{A623C2CE-7E9A-4A72-81DA-7DB377333670}.Debug|x86.ActiveCfg = Debug|Any CPU
		{A623C2CE-7E9A-4A72-81DA-7DB377333670}.Release|Any CPU.ActiveCfg = Release|Any CPU
		{A623C2CE-7E9A-4A72-81DA-7DB377333670}.Release|Mixed Platforms.ActiveCfg = Release|Any CPU
		{A623C2CE-7E9A-4A72-81DA-7DB377333670}.Release|x64.ActiveCfg = Release|Any CPU
		{A623C2CE-7E9A-4A72-81DA-7DB377333670}.Release|x86.ActiveCfg = Release|Any CPU
		{73B59AAC-6830-49D9-86BD-6E9DB74AE8E7}.Debug|Any CPU.ActiveCfg = Debug|Any CPU
		{73B59AAC-6830-49D9-86BD-6E9DB74AE8E7}.Debug|Any CPU.Build.0 = Debug|Any CPU
		{73B59AAC-6830-49D9-86BD-6E9DB74AE8E7}.Debug|Mixed Platforms.ActiveCfg = Debug|Any CPU
		{73B59AAC-6830-49D9-86BD-6E9DB74AE8E7}.Debug|Mixed Platforms.Build.0 = Debug|Any CPU
		{73B59AAC-6830-49D9-86BD-6E9DB74AE8E7}.Debug|x64.ActiveCfg = Debug|Any CPU
		{73B59AAC-6830-49D9-86BD-6E9DB74AE8E7}.Debug|x86.ActiveCfg = Debug|Any CPU
		{73B59AAC-6830-49D9-86BD-6E9DB74AE8E7}.Release|Any CPU.ActiveCfg = Release|Any CPU
		{73B59AAC-6830-49D9-86BD-6E9DB74AE8E7}.Release|Any CPU.Build.0 = Release|Any CPU
		{73B59AAC-6830-49D9-86BD-6E9DB74AE8E7}.Release|Mixed Platforms.ActiveCfg = Release|Any CPU
		{73B59AAC-6830-49D9-86BD-6E9DB74AE8E7}.Release|Mixed Platforms.Build.0 = Release|Any CPU
		{73B59AAC-6830-49D9-86BD-6E9DB74AE8E7}.Release|x64.ActiveCfg = Release|Any CPU
		{73B59AAC-6830-49D9-86BD-6E9DB74AE8E7}.Release|x86.ActiveCfg = Release|Any CPU
	EndGlobalSection
	GlobalSection(SolutionProperties) = preSolution
		HideSolutionNode = FALSE
	EndGlobalSection
	GlobalSection(ExtensibilityGlobals) = postSolution
		SolutionGuid = {D5D90E82-FFBE-4CEE-A585-8A06C94FB53C}
	EndGlobalSection
EndGlobal
