
Microsoft Visual Studio Solution File, Format Version 12.00
# Visual Studio 15
VisualStudioVersion = 15.0.27004.2006
MinimumVisualStudioVersion = 10.0.40219.1
Project("{FAE04EC0-301F-11D3-BF4B-00C04F79EFBC}") = "Fiscalintegration", "ClassLibrary1\Fiscalintegration.csproj", "{3789DF18-77B2-4441-AF37-74CC219EE719}"
EndProject
Project("{FAE04EC0-301F-11D3-BF4B-00C04F79EFBC}") = "WindowsFormsApp1", "WindowsFormsApp1\WindowsFormsApp1.csproj", "{EAE42239-0312-476C-832A-3341AA84CEB0}"
EndProject
Global
	GlobalSection(SolutionConfigurationPlatforms) = preSolution
		Debug|Any CPU = Debug|Any CPU
		Debug|x86 = Debug|x86
		Release|Any CPU = Release|Any CPU
		Release|x86 = Release|x86
	EndGlobalSection
	GlobalSection(ProjectConfigurationPlatforms) = postSolution
		{3789DF18-77B2-4441-AF37-74CC219EE719}.Debug|Any CPU.ActiveCfg = Debug|Any CPU
		{3789DF18-77B2-4441-AF37-74CC219EE719}.Debug|Any CPU.Build.0 = Debug|Any CPU
		{3789DF18-77B2-4441-AF37-74CC219EE719}.Debug|x86.ActiveCfg = Debug|x86
		{3789DF18-77B2-4441-AF37-74CC219EE719}.Debug|x86.Build.0 = Debug|x86
		{3789DF18-77B2-4441-AF37-74CC219EE719}.Release|Any CPU.ActiveCfg = Release|Any CPU
		{3789DF18-77B2-4441-AF37-74CC219EE719}.Release|Any CPU.Build.0 = Release|Any CPU
		{3789DF18-77B2-4441-AF37-74CC219EE719}.Release|x86.ActiveCfg = Release|x86
		{3789DF18-77B2-4441-AF37-74CC219EE719}.Release|x86.Build.0 = Release|x86
		{EAE42239-0312-476C-832A-3341AA84CEB0}.Debug|Any CPU.ActiveCfg = Debug|Any CPU
		{EAE42239-0312-476C-832A-3341AA84CEB0}.Debug|Any CPU.Build.0 = Debug|Any CPU
		{EAE42239-0312-476C-832A-3341AA84CEB0}.Debug|x86.ActiveCfg = Debug|Any CPU
		{EAE42239-0312-476C-832A-3341AA84CEB0}.Debug|x86.Build.0 = Debug|Any CPU
		{EAE42239-0312-476C-832A-3341AA84CEB0}.Release|Any CPU.ActiveCfg = Release|Any CPU
		{EAE42239-0312-476C-832A-3341AA84CEB0}.Release|Any CPU.Build.0 = Release|Any CPU
		{EAE42239-0312-476C-832A-3341AA84CEB0}.Release|x86.ActiveCfg = Release|Any CPU
		{EAE42239-0312-476C-832A-3341AA84CEB0}.Release|x86.Build.0 = Release|Any CPU
	EndGlobalSection
	GlobalSection(SolutionProperties) = preSolution
		HideSolutionNode = FALSE
	EndGlobalSection
	GlobalSection(ExtensibilityGlobals) = postSolution
		SolutionGuid = {A557AA2C-63AC-4E5B-9A8E-E022F415AC22}
	EndGlobalSection
EndGlobal
