
Microsoft Visual Studio Solution File, Format Version 11.00
# Visual Studio 2010
Project("{FAE04EC0-301F-11D3-BF4B-00C04F79EFBC}") = "Loyalty_mate", "Loyalty_mate\Loyalty_mate.csproj", "{000B77C6-470D-4B0B-AF23-183E927E89C3}"
EndProject
Project("{FAE04EC0-301F-11D3-BF4B-00C04F79EFBC}") = "Loyalty_mate_tests", "Loyalty_mate_tests\Loyalty_mate_tests.csproj", "{C5EC6723-AF7B-47D5-825A-480ECB974061}"
EndProject
Project("{2150E333-8FDC-42A3-9474-1A3956D46DE8}") = "Solution Items", "Solution Items", "{7BD4EF38-B22D-45BA-BE7E-AB0F5BB53FD4}"
	ProjectSection(SolutionItems) = preProject
		Local.testsettings = Local.testsettings
		Loyalty_mate.vsmdi = Loyalty_mate.vsmdi
		TraceAndTestImpact.testsettings = TraceAndTestImpact.testsettings
	EndProjectSection
EndProject
Project("{FAE04EC0-301F-11D3-BF4B-00C04F79EFBC}") = "Loyalty_mate_encrypter", "Loyalty_mate_encrypter\Loyalty_mate_encrypter.csproj", "{13CF4E3A-04C5-4A0D-869F-C2D4F9354623}"
EndProject
Project("{FAE04EC0-301F-11D3-BF4B-00C04F79EFBC}") = "MenumateUtils", "..\ServicesApp\MenumateUtils\MenumateUtils.csproj", "{37B0F64A-677E-4AD0-8C04-252BF7A5D3AE}"
EndProject
Global
	GlobalSection(TestCaseManagementSettings) = postSolution
		CategoryFile = Loyalty_mate.vsmdi
	EndGlobalSection
	GlobalSection(SolutionConfigurationPlatforms) = preSolution
		Debug|Any CPU = Debug|Any CPU
		Debug|Mixed Platforms = Debug|Mixed Platforms
		Debug|x86 = Debug|x86
		Release|Any CPU = Release|Any CPU
		Release|Mixed Platforms = Release|Mixed Platforms
		Release|x86 = Release|x86
	EndGlobalSection
	GlobalSection(ProjectConfigurationPlatforms) = postSolution
		{000B77C6-470D-4B0B-AF23-183E927E89C3}.Debug|Any CPU.ActiveCfg = Debug|Any CPU
		{000B77C6-470D-4B0B-AF23-183E927E89C3}.Debug|Any CPU.Build.0 = Debug|Any CPU
		{000B77C6-470D-4B0B-AF23-183E927E89C3}.Debug|Mixed Platforms.ActiveCfg = Debug|Any CPU
		{000B77C6-470D-4B0B-AF23-183E927E89C3}.Debug|Mixed Platforms.Build.0 = Debug|Any CPU
		{000B77C6-470D-4B0B-AF23-183E927E89C3}.Debug|x86.ActiveCfg = Debug|Any CPU
		{000B77C6-470D-4B0B-AF23-183E927E89C3}.Release|Any CPU.ActiveCfg = Release|Any CPU
		{000B77C6-470D-4B0B-AF23-183E927E89C3}.Release|Any CPU.Build.0 = Release|Any CPU
		{000B77C6-470D-4B0B-AF23-183E927E89C3}.Release|Mixed Platforms.ActiveCfg = Release|Any CPU
		{000B77C6-470D-4B0B-AF23-183E927E89C3}.Release|Mixed Platforms.Build.0 = Release|Any CPU
		{000B77C6-470D-4B0B-AF23-183E927E89C3}.Release|x86.ActiveCfg = Release|Any CPU
		{C5EC6723-AF7B-47D5-825A-480ECB974061}.Debug|Any CPU.ActiveCfg = Debug|Any CPU
		{C5EC6723-AF7B-47D5-825A-480ECB974061}.Debug|Any CPU.Build.0 = Debug|Any CPU
		{C5EC6723-AF7B-47D5-825A-480ECB974061}.Debug|Mixed Platforms.ActiveCfg = Debug|Any CPU
		{C5EC6723-AF7B-47D5-825A-480ECB974061}.Debug|Mixed Platforms.Build.0 = Debug|Any CPU
		{C5EC6723-AF7B-47D5-825A-480ECB974061}.Debug|x86.ActiveCfg = Debug|Any CPU
		{C5EC6723-AF7B-47D5-825A-480ECB974061}.Release|Any CPU.ActiveCfg = Release|Any CPU
		{C5EC6723-AF7B-47D5-825A-480ECB974061}.Release|Any CPU.Build.0 = Release|Any CPU
		{C5EC6723-AF7B-47D5-825A-480ECB974061}.Release|Mixed Platforms.ActiveCfg = Release|Any CPU
		{C5EC6723-AF7B-47D5-825A-480ECB974061}.Release|Mixed Platforms.Build.0 = Release|Any CPU
		{C5EC6723-AF7B-47D5-825A-480ECB974061}.Release|x86.ActiveCfg = Release|Any CPU
		{13CF4E3A-04C5-4A0D-869F-C2D4F9354623}.Debug|Any CPU.ActiveCfg = Debug|x86
		{13CF4E3A-04C5-4A0D-869F-C2D4F9354623}.Debug|Mixed Platforms.ActiveCfg = Debug|x86
		{13CF4E3A-04C5-4A0D-869F-C2D4F9354623}.Debug|Mixed Platforms.Build.0 = Debug|x86
		{13CF4E3A-04C5-4A0D-869F-C2D4F9354623}.Debug|x86.ActiveCfg = Debug|x86
		{13CF4E3A-04C5-4A0D-869F-C2D4F9354623}.Debug|x86.Build.0 = Debug|x86
		{13CF4E3A-04C5-4A0D-869F-C2D4F9354623}.Release|Any CPU.ActiveCfg = Release|x86
		{13CF4E3A-04C5-4A0D-869F-C2D4F9354623}.Release|Mixed Platforms.ActiveCfg = Release|x86
		{13CF4E3A-04C5-4A0D-869F-C2D4F9354623}.Release|Mixed Platforms.Build.0 = Release|x86
		{13CF4E3A-04C5-4A0D-869F-C2D4F9354623}.Release|x86.ActiveCfg = Release|x86
		{13CF4E3A-04C5-4A0D-869F-C2D4F9354623}.Release|x86.Build.0 = Release|x86
		{37B0F64A-677E-4AD0-8C04-252BF7A5D3AE}.Debug|Any CPU.ActiveCfg = Debug|Any CPU
		{37B0F64A-677E-4AD0-8C04-252BF7A5D3AE}.Debug|Any CPU.Build.0 = Debug|Any CPU
		{37B0F64A-677E-4AD0-8C04-252BF7A5D3AE}.Debug|Mixed Platforms.ActiveCfg = Debug|Any CPU
		{37B0F64A-677E-4AD0-8C04-252BF7A5D3AE}.Debug|Mixed Platforms.Build.0 = Debug|Any CPU
		{37B0F64A-677E-4AD0-8C04-252BF7A5D3AE}.Debug|x86.ActiveCfg = Debug|Any CPU
		{37B0F64A-677E-4AD0-8C04-252BF7A5D3AE}.Release|Any CPU.ActiveCfg = Release|Any CPU
		{37B0F64A-677E-4AD0-8C04-252BF7A5D3AE}.Release|Any CPU.Build.0 = Release|Any CPU
		{37B0F64A-677E-4AD0-8C04-252BF7A5D3AE}.Release|Mixed Platforms.ActiveCfg = Release|Any CPU
		{37B0F64A-677E-4AD0-8C04-252BF7A5D3AE}.Release|Mixed Platforms.Build.0 = Release|Any CPU
		{37B0F64A-677E-4AD0-8C04-252BF7A5D3AE}.Release|x86.ActiveCfg = Release|Any CPU
	EndGlobalSection
	GlobalSection(SolutionProperties) = preSolution
		HideSolutionNode = FALSE
	EndGlobalSection
EndGlobal
