
Microsoft Visual Studio Solution File, Format Version 12.00
# Visual Studio 2012
Project("{FAE04EC0-301F-11D3-BF4B-00C04F79EFBC}") = "PMS Stub", "PMS Stub\PMS Stub.csproj", "{B3AC71B8-5832-46D0-99E6-692C14B88F66}"
EndProject
Global
	GlobalSection(SolutionConfigurationPlatforms) = preSolution
		Debug|Any CPU = Debug|Any CPU
		Release|Any CPU = Release|Any CPU
	EndGlobalSection
	GlobalSection(ProjectConfigurationPlatforms) = postSolution
		{B3AC71B8-5832-46D0-99E6-692C14B88F66}.Debug|Any CPU.ActiveCfg = Debug|Any CPU
		{B3AC71B8-5832-46D0-99E6-692C14B88F66}.Debug|Any CPU.Build.0 = Debug|Any CPU
		{B3AC71B8-5832-46D0-99E6-692C14B88F66}.Release|Any CPU.ActiveCfg = Release|Any CPU
		{B3AC71B8-5832-46D0-99E6-692C14B88F66}.Release|Any CPU.Build.0 = Release|Any CPU
	EndGlobalSection
	GlobalSection(SolutionProperties) = preSolution
		HideSolutionNode = FALSE
	EndGlobalSection
EndGlobal
