
Microsoft Visual Studio Solution File, Format Version 12.00
# Visual Studio 2012
Project("{2150E333-8FDC-42A3-9474-1A3956D46DE8}") = "Solution Items", "Solution Items", "{D431465D-D8BA-4DFB-BB65-4AD54B3C68B9}"
	ProjectSection(SolutionItems) = preProject
		FileMate2.vsmdi = FileMate2.vsmdi
		FileMate3.vsmdi = FileMate3.vsmdi
		FileMate4.vsmdi = FileMate4.vsmdi
		LocalTestRun.testrunconfig = LocalTestRun.testrunconfig
	EndProjectSection
EndProject
Project("{FAE04EC0-301F-11D3-BF4B-00C04F79EFBC}") = "FileMateTests", "FileMateTests\FileMateTests.csproj", "{94564694-0B0D-4C79-BA23-2ECC44B1E835}"
	ProjectSection(ProjectDependencies) = postProject
		{54EA6B96-7699-4AB6-AA28-EC20A16D5FE7} = {54EA6B96-7699-4AB6-AA28-EC20A16D5FE7}
		{EB9957C1-281F-4ADC-851F-F711124690CE} = {EB9957C1-281F-4ADC-851F-F711124690CE}
	EndProjectSection
EndProject
Project("{FAE04EC0-301F-11D3-BF4B-00C04F79EFBC}") = "FileMateSvc", "FileMateSvc\FileMateSvc.csproj", "{D0AB4503-F1CE-46EE-8145-7745910C6F75}"
	ProjectSection(ProjectDependencies) = postProject
		{54EA6B96-7699-4AB6-AA28-EC20A16D5FE7} = {54EA6B96-7699-4AB6-AA28-EC20A16D5FE7}
		{EB9957C1-281F-4ADC-851F-F711124690CE} = {EB9957C1-281F-4ADC-851F-F711124690CE}
	EndProjectSection
EndProject
Project("{FAE04EC0-301F-11D3-BF4B-00C04F79EFBC}") = "FileMateSettingsGUI", "FileMateSettingsGUI\FileMateSettingsGUI.csproj", "{329767F5-C063-4414-8272-EC3493652675}"
	ProjectSection(ProjectDependencies) = postProject
		{54EA6B96-7699-4AB6-AA28-EC20A16D5FE7} = {54EA6B96-7699-4AB6-AA28-EC20A16D5FE7}
		{EB9957C1-281F-4ADC-851F-F711124690CE} = {EB9957C1-281F-4ADC-851F-F711124690CE}
	EndProjectSection
EndProject
Project("{FAE04EC0-301F-11D3-BF4B-00C04F79EFBC}") = "FileMate.Core", "FileMate.Core\FileMate.Core.csproj", "{EB9957C1-281F-4ADC-851F-F711124690CE}"
	ProjectSection(ProjectDependencies) = postProject
		{54EA6B96-7699-4AB6-AA28-EC20A16D5FE7} = {54EA6B96-7699-4AB6-AA28-EC20A16D5FE7}
	EndProjectSection
EndProject
Project("{FAE04EC0-301F-11D3-BF4B-00C04F79EFBC}") = "FileMate.Core.Xml", "FileMate.Core.Xml\FileMate.Core.Xml.csproj", "{54EA6B96-7699-4AB6-AA28-EC20A16D5FE7}"
EndProject
Project("{930C7802-8A8C-48F9-8165-68863BCCD9DD}") = "InstallFileMateWIX", "InstallFileMateWIX\InstallFileMateWIX.wixproj", "{F3FC11C3-48C6-4619-BEC4-5E4124A34499}"
EndProject
Global
	GlobalSection(TestCaseManagementSettings) = postSolution
		CategoryFile = FileMate4.vsmdi
	EndGlobalSection
	GlobalSection(SolutionConfigurationPlatforms) = preSolution
		CD_ROM|Any CPU = CD_ROM|Any CPU
		CD_ROM|Mixed Platforms = CD_ROM|Mixed Platforms
		CD_ROM|x86 = CD_ROM|x86
		Debug|Any CPU = Debug|Any CPU
		Debug|Mixed Platforms = Debug|Mixed Platforms
		Debug|x86 = Debug|x86
		DVD-5|Any CPU = DVD-5|Any CPU
		DVD-5|Mixed Platforms = DVD-5|Mixed Platforms
		DVD-5|x86 = DVD-5|x86
		Release|Any CPU = Release|Any CPU
		Release|Mixed Platforms = Release|Mixed Platforms
		Release|x86 = Release|x86
		SingleImage|Any CPU = SingleImage|Any CPU
		SingleImage|Mixed Platforms = SingleImage|Mixed Platforms
		SingleImage|x86 = SingleImage|x86
	EndGlobalSection
	GlobalSection(ProjectConfigurationPlatforms) = postSolution
		{94564694-0B0D-4C79-BA23-2ECC44B1E835}.CD_ROM|Any CPU.ActiveCfg = Release|Any CPU
		{94564694-0B0D-4C79-BA23-2ECC44B1E835}.CD_ROM|Any CPU.Build.0 = Release|Any CPU
		{94564694-0B0D-4C79-BA23-2ECC44B1E835}.CD_ROM|Mixed Platforms.ActiveCfg = Debug|x86
		{94564694-0B0D-4C79-BA23-2ECC44B1E835}.CD_ROM|Mixed Platforms.Build.0 = Debug|x86
		{94564694-0B0D-4C79-BA23-2ECC44B1E835}.CD_ROM|x86.ActiveCfg = Release|x86
		{94564694-0B0D-4C79-BA23-2ECC44B1E835}.CD_ROM|x86.Build.0 = Release|x86
		{94564694-0B0D-4C79-BA23-2ECC44B1E835}.Debug|Any CPU.ActiveCfg = Debug|Any CPU
		{94564694-0B0D-4C79-BA23-2ECC44B1E835}.Debug|Any CPU.Build.0 = Debug|Any CPU
		{94564694-0B0D-4C79-BA23-2ECC44B1E835}.Debug|Mixed Platforms.ActiveCfg = Debug|x86
		{94564694-0B0D-4C79-BA23-2ECC44B1E835}.Debug|Mixed Platforms.Build.0 = Debug|x86
		{94564694-0B0D-4C79-BA23-2ECC44B1E835}.Debug|x86.ActiveCfg = Debug|x86
		{94564694-0B0D-4C79-BA23-2ECC44B1E835}.Debug|x86.Build.0 = Debug|x86
		{94564694-0B0D-4C79-BA23-2ECC44B1E835}.DVD-5|Any CPU.ActiveCfg = Debug|Any CPU
		{94564694-0B0D-4C79-BA23-2ECC44B1E835}.DVD-5|Any CPU.Build.0 = Debug|Any CPU
		{94564694-0B0D-4C79-BA23-2ECC44B1E835}.DVD-5|Mixed Platforms.ActiveCfg = Debug|x86
		{94564694-0B0D-4C79-BA23-2ECC44B1E835}.DVD-5|Mixed Platforms.Build.0 = Debug|x86
		{94564694-0B0D-4C79-BA23-2ECC44B1E835}.DVD-5|x86.ActiveCfg = Debug|x86
		{94564694-0B0D-4C79-BA23-2ECC44B1E835}.DVD-5|x86.Build.0 = Debug|x86
		{94564694-0B0D-4C79-BA23-2ECC44B1E835}.Release|Any CPU.ActiveCfg = Release|Any CPU
		{94564694-0B0D-4C79-BA23-2ECC44B1E835}.Release|Any CPU.Build.0 = Release|Any CPU
		{94564694-0B0D-4C79-BA23-2ECC44B1E835}.Release|Mixed Platforms.ActiveCfg = Release|x86
		{94564694-0B0D-4C79-BA23-2ECC44B1E835}.Release|Mixed Platforms.Build.0 = Release|x86
		{94564694-0B0D-4C79-BA23-2ECC44B1E835}.Release|x86.ActiveCfg = Release|x86
		{94564694-0B0D-4C79-BA23-2ECC44B1E835}.Release|x86.Build.0 = Release|x86
		{94564694-0B0D-4C79-BA23-2ECC44B1E835}.SingleImage|Any CPU.ActiveCfg = Release|Any CPU
		{94564694-0B0D-4C79-BA23-2ECC44B1E835}.SingleImage|Any CPU.Build.0 = Release|Any CPU
		{94564694-0B0D-4C79-BA23-2ECC44B1E835}.SingleImage|Mixed Platforms.ActiveCfg = Debug|x86
		{94564694-0B0D-4C79-BA23-2ECC44B1E835}.SingleImage|Mixed Platforms.Build.0 = Debug|x86
		{94564694-0B0D-4C79-BA23-2ECC44B1E835}.SingleImage|x86.ActiveCfg = Release|x86
		{94564694-0B0D-4C79-BA23-2ECC44B1E835}.SingleImage|x86.Build.0 = Release|x86
		{D0AB4503-F1CE-46EE-8145-7745910C6F75}.CD_ROM|Any CPU.ActiveCfg = Release|Any CPU
		{D0AB4503-F1CE-46EE-8145-7745910C6F75}.CD_ROM|Any CPU.Build.0 = Release|Any CPU
		{D0AB4503-F1CE-46EE-8145-7745910C6F75}.CD_ROM|Mixed Platforms.ActiveCfg = Debug|x86
		{D0AB4503-F1CE-46EE-8145-7745910C6F75}.CD_ROM|Mixed Platforms.Build.0 = Debug|x86
		{D0AB4503-F1CE-46EE-8145-7745910C6F75}.CD_ROM|x86.ActiveCfg = Release|x86
		{D0AB4503-F1CE-46EE-8145-7745910C6F75}.CD_ROM|x86.Build.0 = Release|x86
		{D0AB4503-F1CE-46EE-8145-7745910C6F75}.Debug|Any CPU.ActiveCfg = Debug|Any CPU
		{D0AB4503-F1CE-46EE-8145-7745910C6F75}.Debug|Any CPU.Build.0 = Debug|Any CPU
		{D0AB4503-F1CE-46EE-8145-7745910C6F75}.Debug|Mixed Platforms.ActiveCfg = Debug|x86
		{D0AB4503-F1CE-46EE-8145-7745910C6F75}.Debug|Mixed Platforms.Build.0 = Debug|x86
		{D0AB4503-F1CE-46EE-8145-7745910C6F75}.Debug|x86.ActiveCfg = Debug|x86
		{D0AB4503-F1CE-46EE-8145-7745910C6F75}.Debug|x86.Build.0 = Debug|x86
		{D0AB4503-F1CE-46EE-8145-7745910C6F75}.DVD-5|Any CPU.ActiveCfg = Debug|Any CPU
		{D0AB4503-F1CE-46EE-8145-7745910C6F75}.DVD-5|Any CPU.Build.0 = Debug|Any CPU
		{D0AB4503-F1CE-46EE-8145-7745910C6F75}.DVD-5|Mixed Platforms.ActiveCfg = Debug|x86
		{D0AB4503-F1CE-46EE-8145-7745910C6F75}.DVD-5|Mixed Platforms.Build.0 = Debug|x86
		{D0AB4503-F1CE-46EE-8145-7745910C6F75}.DVD-5|x86.ActiveCfg = Debug|x86
		{D0AB4503-F1CE-46EE-8145-7745910C6F75}.DVD-5|x86.Build.0 = Debug|x86
		{D0AB4503-F1CE-46EE-8145-7745910C6F75}.Release|Any CPU.ActiveCfg = Release|Any CPU
		{D0AB4503-F1CE-46EE-8145-7745910C6F75}.Release|Any CPU.Build.0 = Release|Any CPU
		{D0AB4503-F1CE-46EE-8145-7745910C6F75}.Release|Mixed Platforms.ActiveCfg = Release|x86
		{D0AB4503-F1CE-46EE-8145-7745910C6F75}.Release|Mixed Platforms.Build.0 = Release|x86
		{D0AB4503-F1CE-46EE-8145-7745910C6F75}.Release|x86.ActiveCfg = Release|x86
		{D0AB4503-F1CE-46EE-8145-7745910C6F75}.Release|x86.Build.0 = Release|x86
		{D0AB4503-F1CE-46EE-8145-7745910C6F75}.SingleImage|Any CPU.ActiveCfg = Release|Any CPU
		{D0AB4503-F1CE-46EE-8145-7745910C6F75}.SingleImage|Any CPU.Build.0 = Release|Any CPU
		{D0AB4503-F1CE-46EE-8145-7745910C6F75}.SingleImage|Mixed Platforms.ActiveCfg = Debug|x86
		{D0AB4503-F1CE-46EE-8145-7745910C6F75}.SingleImage|Mixed Platforms.Build.0 = Debug|x86
		{D0AB4503-F1CE-46EE-8145-7745910C6F75}.SingleImage|x86.ActiveCfg = Release|x86
		{D0AB4503-F1CE-46EE-8145-7745910C6F75}.SingleImage|x86.Build.0 = Release|x86
		{329767F5-C063-4414-8272-EC3493652675}.CD_ROM|Any CPU.ActiveCfg = Release|Any CPU
		{329767F5-C063-4414-8272-EC3493652675}.CD_ROM|Any CPU.Build.0 = Release|Any CPU
		{329767F5-C063-4414-8272-EC3493652675}.CD_ROM|Mixed Platforms.ActiveCfg = Debug|x86
		{329767F5-C063-4414-8272-EC3493652675}.CD_ROM|Mixed Platforms.Build.0 = Debug|x86
		{329767F5-C063-4414-8272-EC3493652675}.CD_ROM|x86.ActiveCfg = Release|x86
		{329767F5-C063-4414-8272-EC3493652675}.CD_ROM|x86.Build.0 = Release|x86
		{329767F5-C063-4414-8272-EC3493652675}.Debug|Any CPU.ActiveCfg = Debug|Any CPU
		{329767F5-C063-4414-8272-EC3493652675}.Debug|Any CPU.Build.0 = Debug|Any CPU
		{329767F5-C063-4414-8272-EC3493652675}.Debug|Mixed Platforms.ActiveCfg = Debug|x86
		{329767F5-C063-4414-8272-EC3493652675}.Debug|Mixed Platforms.Build.0 = Debug|x86
		{329767F5-C063-4414-8272-EC3493652675}.Debug|x86.ActiveCfg = Debug|x86
		{329767F5-C063-4414-8272-EC3493652675}.Debug|x86.Build.0 = Debug|x86
		{329767F5-C063-4414-8272-EC3493652675}.DVD-5|Any CPU.ActiveCfg = Debug|Any CPU
		{329767F5-C063-4414-8272-EC3493652675}.DVD-5|Any CPU.Build.0 = Debug|Any CPU
		{329767F5-C063-4414-8272-EC3493652675}.DVD-5|Mixed Platforms.ActiveCfg = Debug|x86
		{329767F5-C063-4414-8272-EC3493652675}.DVD-5|Mixed Platforms.Build.0 = Debug|x86
		{329767F5-C063-4414-8272-EC3493652675}.DVD-5|x86.ActiveCfg = Debug|x86
		{329767F5-C063-4414-8272-EC3493652675}.DVD-5|x86.Build.0 = Debug|x86
		{329767F5-C063-4414-8272-EC3493652675}.Release|Any CPU.ActiveCfg = Release|Any CPU
		{329767F5-C063-4414-8272-EC3493652675}.Release|Any CPU.Build.0 = Release|Any CPU
		{329767F5-C063-4414-8272-EC3493652675}.Release|Mixed Platforms.ActiveCfg = Release|x86
		{329767F5-C063-4414-8272-EC3493652675}.Release|Mixed Platforms.Build.0 = Release|x86
		{329767F5-C063-4414-8272-EC3493652675}.Release|x86.ActiveCfg = Release|x86
		{329767F5-C063-4414-8272-EC3493652675}.Release|x86.Build.0 = Release|x86
		{329767F5-C063-4414-8272-EC3493652675}.SingleImage|Any CPU.ActiveCfg = Release|Any CPU
		{329767F5-C063-4414-8272-EC3493652675}.SingleImage|Any CPU.Build.0 = Release|Any CPU
		{329767F5-C063-4414-8272-EC3493652675}.SingleImage|Mixed Platforms.ActiveCfg = Debug|x86
		{329767F5-C063-4414-8272-EC3493652675}.SingleImage|Mixed Platforms.Build.0 = Debug|x86
		{329767F5-C063-4414-8272-EC3493652675}.SingleImage|x86.ActiveCfg = Release|x86
		{329767F5-C063-4414-8272-EC3493652675}.SingleImage|x86.Build.0 = Release|x86
		{EB9957C1-281F-4ADC-851F-F711124690CE}.CD_ROM|Any CPU.ActiveCfg = Release|Any CPU
		{EB9957C1-281F-4ADC-851F-F711124690CE}.CD_ROM|Any CPU.Build.0 = Release|Any CPU
		{EB9957C1-281F-4ADC-851F-F711124690CE}.CD_ROM|Mixed Platforms.ActiveCfg = Debug|x86
		{EB9957C1-281F-4ADC-851F-F711124690CE}.CD_ROM|Mixed Platforms.Build.0 = Debug|x86
		{EB9957C1-281F-4ADC-851F-F711124690CE}.CD_ROM|x86.ActiveCfg = Release|x86
		{EB9957C1-281F-4ADC-851F-F711124690CE}.CD_ROM|x86.Build.0 = Release|x86
		{EB9957C1-281F-4ADC-851F-F711124690CE}.Debug|Any CPU.ActiveCfg = Debug|Any CPU
		{EB9957C1-281F-4ADC-851F-F711124690CE}.Debug|Any CPU.Build.0 = Debug|Any CPU
		{EB9957C1-281F-4ADC-851F-F711124690CE}.Debug|Mixed Platforms.ActiveCfg = Debug|x86
		{EB9957C1-281F-4ADC-851F-F711124690CE}.Debug|Mixed Platforms.Build.0 = Debug|x86
		{EB9957C1-281F-4ADC-851F-F711124690CE}.Debug|x86.ActiveCfg = Debug|x86
		{EB9957C1-281F-4ADC-851F-F711124690CE}.Debug|x86.Build.0 = Debug|x86
		{EB9957C1-281F-4ADC-851F-F711124690CE}.DVD-5|Any CPU.ActiveCfg = Debug|Any CPU
		{EB9957C1-281F-4ADC-851F-F711124690CE}.DVD-5|Any CPU.Build.0 = Debug|Any CPU
		{EB9957C1-281F-4ADC-851F-F711124690CE}.DVD-5|Mixed Platforms.ActiveCfg = Debug|x86
		{EB9957C1-281F-4ADC-851F-F711124690CE}.DVD-5|Mixed Platforms.Build.0 = Debug|x86
		{EB9957C1-281F-4ADC-851F-F711124690CE}.DVD-5|x86.ActiveCfg = Debug|x86
		{EB9957C1-281F-4ADC-851F-F711124690CE}.DVD-5|x86.Build.0 = Debug|x86
		{EB9957C1-281F-4ADC-851F-F711124690CE}.Release|Any CPU.ActiveCfg = Release|Any CPU
		{EB9957C1-281F-4ADC-851F-F711124690CE}.Release|Any CPU.Build.0 = Release|Any CPU
		{EB9957C1-281F-4ADC-851F-F711124690CE}.Release|Mixed Platforms.ActiveCfg = Release|x86
		{EB9957C1-281F-4ADC-851F-F711124690CE}.Release|Mixed Platforms.Build.0 = Release|x86
		{EB9957C1-281F-4ADC-851F-F711124690CE}.Release|x86.ActiveCfg = Release|x86
		{EB9957C1-281F-4ADC-851F-F711124690CE}.Release|x86.Build.0 = Release|x86
		{EB9957C1-281F-4ADC-851F-F711124690CE}.SingleImage|Any CPU.ActiveCfg = Release|Any CPU
		{EB9957C1-281F-4ADC-851F-F711124690CE}.SingleImage|Any CPU.Build.0 = Release|Any CPU
		{EB9957C1-281F-4ADC-851F-F711124690CE}.SingleImage|Mixed Platforms.ActiveCfg = Debug|x86
		{EB9957C1-281F-4ADC-851F-F711124690CE}.SingleImage|Mixed Platforms.Build.0 = Debug|x86
		{EB9957C1-281F-4ADC-851F-F711124690CE}.SingleImage|x86.ActiveCfg = Release|x86
		{EB9957C1-281F-4ADC-851F-F711124690CE}.SingleImage|x86.Build.0 = Release|x86
		{54EA6B96-7699-4AB6-AA28-EC20A16D5FE7}.CD_ROM|Any CPU.ActiveCfg = Release|Any CPU
		{54EA6B96-7699-4AB6-AA28-EC20A16D5FE7}.CD_ROM|Any CPU.Build.0 = Release|Any CPU
		{54EA6B96-7699-4AB6-AA28-EC20A16D5FE7}.CD_ROM|Mixed Platforms.ActiveCfg = Debug|x86
		{54EA6B96-7699-4AB6-AA28-EC20A16D5FE7}.CD_ROM|Mixed Platforms.Build.0 = Debug|x86
		{54EA6B96-7699-4AB6-AA28-EC20A16D5FE7}.CD_ROM|x86.ActiveCfg = Release|x86
		{54EA6B96-7699-4AB6-AA28-EC20A16D5FE7}.CD_ROM|x86.Build.0 = Release|x86
		{54EA6B96-7699-4AB6-AA28-EC20A16D5FE7}.Debug|Any CPU.ActiveCfg = Debug|Any CPU
		{54EA6B96-7699-4AB6-AA28-EC20A16D5FE7}.Debug|Any CPU.Build.0 = Debug|Any CPU
		{54EA6B96-7699-4AB6-AA28-EC20A16D5FE7}.Debug|Mixed Platforms.ActiveCfg = Debug|x86
		{54EA6B96-7699-4AB6-AA28-EC20A16D5FE7}.Debug|Mixed Platforms.Build.0 = Debug|x86
		{54EA6B96-7699-4AB6-AA28-EC20A16D5FE7}.Debug|x86.ActiveCfg = Debug|x86
		{54EA6B96-7699-4AB6-AA28-EC20A16D5FE7}.Debug|x86.Build.0 = Debug|x86
		{54EA6B96-7699-4AB6-AA28-EC20A16D5FE7}.DVD-5|Any CPU.ActiveCfg = Debug|Any CPU
		{54EA6B96-7699-4AB6-AA28-EC20A16D5FE7}.DVD-5|Any CPU.Build.0 = Debug|Any CPU
		{54EA6B96-7699-4AB6-AA28-EC20A16D5FE7}.DVD-5|Mixed Platforms.ActiveCfg = Debug|x86
		{54EA6B96-7699-4AB6-AA28-EC20A16D5FE7}.DVD-5|Mixed Platforms.Build.0 = Debug|x86
		{54EA6B96-7699-4AB6-AA28-EC20A16D5FE7}.DVD-5|x86.ActiveCfg = Debug|x86
		{54EA6B96-7699-4AB6-AA28-EC20A16D5FE7}.DVD-5|x86.Build.0 = Debug|x86
		{54EA6B96-7699-4AB6-AA28-EC20A16D5FE7}.Release|Any CPU.ActiveCfg = Release|Any CPU
		{54EA6B96-7699-4AB6-AA28-EC20A16D5FE7}.Release|Any CPU.Build.0 = Release|Any CPU
		{54EA6B96-7699-4AB6-AA28-EC20A16D5FE7}.Release|Mixed Platforms.ActiveCfg = Release|x86
		{54EA6B96-7699-4AB6-AA28-EC20A16D5FE7}.Release|Mixed Platforms.Build.0 = Release|x86
		{54EA6B96-7699-4AB6-AA28-EC20A16D5FE7}.Release|x86.ActiveCfg = Release|x86
		{54EA6B96-7699-4AB6-AA28-EC20A16D5FE7}.Release|x86.Build.0 = Release|x86
		{54EA6B96-7699-4AB6-AA28-EC20A16D5FE7}.SingleImage|Any CPU.ActiveCfg = Release|Any CPU
		{54EA6B96-7699-4AB6-AA28-EC20A16D5FE7}.SingleImage|Any CPU.Build.0 = Release|Any CPU
		{54EA6B96-7699-4AB6-AA28-EC20A16D5FE7}.SingleImage|Mixed Platforms.ActiveCfg = Debug|x86
		{54EA6B96-7699-4AB6-AA28-EC20A16D5FE7}.SingleImage|Mixed Platforms.Build.0 = Debug|x86
		{54EA6B96-7699-4AB6-AA28-EC20A16D5FE7}.SingleImage|x86.ActiveCfg = Release|x86
		{54EA6B96-7699-4AB6-AA28-EC20A16D5FE7}.SingleImage|x86.Build.0 = Release|x86
		{F3FC11C3-48C6-4619-BEC4-5E4124A34499}.CD_ROM|Any CPU.ActiveCfg = Release|x86
		{F3FC11C3-48C6-4619-BEC4-5E4124A34499}.CD_ROM|Mixed Platforms.ActiveCfg = Debug|x86
		{F3FC11C3-48C6-4619-BEC4-5E4124A34499}.CD_ROM|Mixed Platforms.Build.0 = Debug|x86
		{F3FC11C3-48C6-4619-BEC4-5E4124A34499}.CD_ROM|x86.ActiveCfg = Release|x86
		{F3FC11C3-48C6-4619-BEC4-5E4124A34499}.CD_ROM|x86.Build.0 = Release|x86
		{F3FC11C3-48C6-4619-BEC4-5E4124A34499}.Debug|Any CPU.ActiveCfg = Debug|x86
		{F3FC11C3-48C6-4619-BEC4-5E4124A34499}.Debug|Mixed Platforms.ActiveCfg = Debug|x86
		{F3FC11C3-48C6-4619-BEC4-5E4124A34499}.Debug|Mixed Platforms.Build.0 = Debug|x86
		{F3FC11C3-48C6-4619-BEC4-5E4124A34499}.Debug|x86.ActiveCfg = Debug|x86
		{F3FC11C3-48C6-4619-BEC4-5E4124A34499}.Debug|x86.Build.0 = Debug|x86
		{F3FC11C3-48C6-4619-BEC4-5E4124A34499}.DVD-5|Any CPU.ActiveCfg = Debug|x86
		{F3FC11C3-48C6-4619-BEC4-5E4124A34499}.DVD-5|Mixed Platforms.ActiveCfg = Debug|x86
		{F3FC11C3-48C6-4619-BEC4-5E4124A34499}.DVD-5|Mixed Platforms.Build.0 = Debug|x86
		{F3FC11C3-48C6-4619-BEC4-5E4124A34499}.DVD-5|x86.ActiveCfg = Debug|x86
		{F3FC11C3-48C6-4619-BEC4-5E4124A34499}.DVD-5|x86.Build.0 = Debug|x86
		{F3FC11C3-48C6-4619-BEC4-5E4124A34499}.Release|Any CPU.ActiveCfg = Release|x86
		{F3FC11C3-48C6-4619-BEC4-5E4124A34499}.Release|Mixed Platforms.ActiveCfg = Release|x86
		{F3FC11C3-48C6-4619-BEC4-5E4124A34499}.Release|Mixed Platforms.Build.0 = Release|x86
		{F3FC11C3-48C6-4619-BEC4-5E4124A34499}.Release|x86.ActiveCfg = Release|x86
		{F3FC11C3-48C6-4619-BEC4-5E4124A34499}.Release|x86.Build.0 = Release|x86
		{F3FC11C3-48C6-4619-BEC4-5E4124A34499}.SingleImage|Any CPU.ActiveCfg = Release|x86
		{F3FC11C3-48C6-4619-BEC4-5E4124A34499}.SingleImage|Mixed Platforms.ActiveCfg = Debug|x86
		{F3FC11C3-48C6-4619-BEC4-5E4124A34499}.SingleImage|Mixed Platforms.Build.0 = Debug|x86
		{F3FC11C3-48C6-4619-BEC4-5E4124A34499}.SingleImage|x86.ActiveCfg = Release|x86
		{F3FC11C3-48C6-4619-BEC4-5E4124A34499}.SingleImage|x86.Build.0 = Release|x86
	EndGlobalSection
	GlobalSection(SolutionProperties) = preSolution
		HideSolutionNode = FALSE
	EndGlobalSection
EndGlobal
